
Microsoft Visual Studio Solution File, Format Version 12.00
# Visual Studio Version 16
VisualStudioVersion = 16.0.30413.136
MinimumVisualStudioVersion = 10.0.40219.1
Project("{FAE04EC0-301F-11D3-BF4B-00C04F79EFBC}") = "RestaurantReviews.Web", "RestaurantReviews.Web\RestaurantReviews.Web.csproj", "{451E5B3F-8DD9-4198-BB33-66005FAD58E1}"
EndProject
Global
	GlobalSection(SolutionConfigurationPlatforms) = preSolution
		Debug|Any CPU = Debug|Any CPU
		Release|Any CPU = Release|Any CPU
	EndGlobalSection
	GlobalSection(ProjectConfigurationPlatforms) = postSolution
		{451E5B3F-8DD9-4198-BB33-66005FAD58E1}.Debug|Any CPU.ActiveCfg = Debug|Any CPU
		{451E5B3F-8DD9-4198-BB33-66005FAD58E1}.Debug|Any CPU.Build.0 = Debug|Any CPU
		{451E5B3F-8DD9-4198-BB33-66005FAD58E1}.Release|Any CPU.ActiveCfg = Release|Any CPU
		{451E5B3F-8DD9-4198-BB33-66005FAD58E1}.Release|Any CPU.Build.0 = Release|Any CPU
	EndGlobalSection
	GlobalSection(SolutionProperties) = preSolution
		HideSolutionNode = FALSE
	EndGlobalSection
	GlobalSection(ExtensibilityGlobals) = postSolution
		SolutionGuid = {D2E98687-3022-4DD6-9204-FA4538C91CDD}
	EndGlobalSection
EndGlobal
